
Microsoft Visual Studio Solution File, Format Version 12.00
# Visual Studio Version 17
VisualStudioVersion = 17.8.34525.116
MinimumVisualStudioVersion = 10.0.40219.1
Project("{FAE04EC0-301F-11D3-BF4B-00C04F79EFBC}") = "Mission06_Rosenlund", "Mission06_Rosenlund\Mission06_Rosenlund.csproj", "{DBD50BB3-6D97-44A9-8787-66166FE684EF}"
EndProject
Global
	GlobalSection(SolutionConfigurationPlatforms) = preSolution
		Debug|Any CPU = Debug|Any CPU
		Release|Any CPU = Release|Any CPU
	EndGlobalSection
	GlobalSection(ProjectConfigurationPlatforms) = postSolution
		{DBD50BB3-6D97-44A9-8787-66166FE684EF}.Debug|Any CPU.ActiveCfg = Debug|Any CPU
		{DBD50BB3-6D97-44A9-8787-66166FE684EF}.Debug|Any CPU.Build.0 = Debug|Any CPU
		{DBD50BB3-6D97-44A9-8787-66166FE684EF}.Release|Any CPU.ActiveCfg = Release|Any CPU
		{DBD50BB3-6D97-44A9-8787-66166FE684EF}.Release|Any CPU.Build.0 = Release|Any CPU
	EndGlobalSection
	GlobalSection(SolutionProperties) = preSolution
		HideSolutionNode = FALSE
	EndGlobalSection
	GlobalSection(ExtensibilityGlobals) = postSolution
		SolutionGuid = {FCB551E8-2739-48A3-9824-DC688141D013}
	EndGlobalSection
EndGlobal
